
Microsoft Visual Studio Solution File, Format Version 12.00
# Visual Studio Version 17
VisualStudioVersion = 17.12.35527.113 d17.12
MinimumVisualStudioVersion = 10.0.40219.1
Project("{FAE04EC0-301F-11D3-BF4B-00C04F79EFBC}") = "todoapi", "todoapi.csproj", "{C0EB38F7-9E9F-425B-A417-ADA793446D4B}"
EndProject
Global
	GlobalSection(SolutionConfigurationPlatforms) = preSolution
		Debug|Any CPU = Debug|Any CPU
		Release|Any CPU = Release|Any CPU
	EndGlobalSection
	GlobalSection(ProjectConfigurationPlatforms) = postSolution
		{C0EB38F7-9E9F-425B-A417-ADA793446D4B}.Debug|Any CPU.ActiveCfg = Debug|Any CPU
		{C0EB38F7-9E9F-425B-A417-ADA793446D4B}.Debug|Any CPU.Build.0 = Debug|Any CPU
		{C0EB38F7-9E9F-425B-A417-ADA793446D4B}.Release|Any CPU.ActiveCfg = Release|Any CPU
		{C0EB38F7-9E9F-425B-A417-ADA793446D4B}.Release|Any CPU.Build.0 = Release|Any CPU
	EndGlobalSection
	GlobalSection(SolutionProperties) = preSolution
		HideSolutionNode = FALSE
	EndGlobalSection
EndGlobal
