
Microsoft Visual Studio Solution File, Format Version 12.00
# Visual Studio Version 17
VisualStudioVersion = 17.12.35527.113 d17.12
MinimumVisualStudioVersion = 10.0.40219.1
Project("{FAE04EC0-301F-11D3-BF4B-00C04F79EFBC}") = "ZibaEmployeePortal", "ZibaEmployeePortal.csproj", "{0B3FD6E7-BE0B-4592-983C-C9B3C4CE081D}"
EndProject
Global
	GlobalSection(SolutionConfigurationPlatforms) = preSolution
		Debug|Any CPU = Debug|Any CPU
		Release|Any CPU = Release|Any CPU
	EndGlobalSection
	GlobalSection(ProjectConfigurationPlatforms) = postSolution
		{0B3FD6E7-BE0B-4592-983C-C9B3C4CE081D}.Debug|Any CPU.ActiveCfg = Debug|Any CPU
		{0B3FD6E7-BE0B-4592-983C-C9B3C4CE081D}.Debug|Any CPU.Build.0 = Debug|Any CPU
		{0B3FD6E7-BE0B-4592-983C-C9B3C4CE081D}.Release|Any CPU.ActiveCfg = Release|Any CPU
		{0B3FD6E7-BE0B-4592-983C-C9B3C4CE081D}.Release|Any CPU.Build.0 = Release|Any CPU
	EndGlobalSection
	GlobalSection(SolutionProperties) = preSolution
		HideSolutionNode = FALSE
	EndGlobalSection
EndGlobal
